
Microsoft Visual Studio Solution File, Format Version 12.00
# Visual Studio Version 17
VisualStudioVersion = 17.1.32407.343
MinimumVisualStudioVersion = 10.0.40219.1
Project("{FAE04EC0-301F-11D3-BF4B-00C04F79EFBC}") = "DemoDataStructure", "DemoDataStructure.csproj", "{35CD34F5-C278-4199-BD3B-4C26029E9E23}"
EndProject
Global
	GlobalSection(SolutionConfigurationPlatforms) = preSolution
		Debug|Any CPU = Debug|Any CPU
		Release|Any CPU = Release|Any CPU
	EndGlobalSection
	GlobalSection(ProjectConfigurationPlatforms) = postSolution
		{35CD34F5-C278-4199-BD3B-4C26029E9E23}.Debug|Any CPU.ActiveCfg = Debug|Any CPU
		{35CD34F5-C278-4199-BD3B-4C26029E9E23}.Debug|Any CPU.Build.0 = Debug|Any CPU
		{35CD34F5-C278-4199-BD3B-4C26029E9E23}.Release|Any CPU.ActiveCfg = Release|Any CPU
		{35CD34F5-C278-4199-BD3B-4C26029E9E23}.Release|Any CPU.Build.0 = Release|Any CPU
	EndGlobalSection
	GlobalSection(SolutionProperties) = preSolution
		HideSolutionNode = FALSE
	EndGlobalSection
	GlobalSection(ExtensibilityGlobals) = postSolution
		SolutionGuid = {ABA1861A-C052-4192-BEAE-331103DE0166}
	EndGlobalSection
EndGlobal
